{
  "name": "counts",
  "version": "0.1.0",
  "lockfileVersion": 1,
  "requires": true,
  "dependencies": {
    "redux-zero": {
      "version": "2.1.1",
      "resolved": "https://registry.npmjs.org/redux-zero/-/redux-zero-2.1.1.tgz",
      "integrity": "sha512-Q0QV9bciUQeJS1GY/amcppD0CsJBRtYFFdLqxlVBY6XXXjXL4Kq9YdfrPeL6x6a9miMg0vrelT544l6wwPMd4w=="
    }
  }
}
